
Microsoft Visual Studio Solution File, Format Version 12.00
# Visual Studio Version 16
VisualStudioVersion = 16.0.32106.194
MinimumVisualStudioVersion = 10.0.40219.1
Project("{FAE04EC0-301F-11D3-BF4B-00C04F79EFBC}") = "NewResources", "NewResources\NewResources.csproj", "{11F3414E-73FF-48E7-9AAE-33EFA30A956B}"
EndProject
Global
	GlobalSection(SolutionConfigurationPlatforms) = preSolution
		Debug|Any CPU = Debug|Any CPU
		Release|Any CPU = Release|Any CPU
	EndGlobalSection
	GlobalSection(ProjectConfigurationPlatforms) = postSolution
		{11F3414E-73FF-48E7-9AAE-33EFA30A956B}.Debug|Any CPU.ActiveCfg = Debug|Any CPU
		{11F3414E-73FF-48E7-9AAE-33EFA30A956B}.Debug|Any CPU.Build.0 = Debug|Any CPU
		{11F3414E-73FF-48E7-9AAE-33EFA30A956B}.Release|Any CPU.ActiveCfg = Release|Any CPU
		{11F3414E-73FF-48E7-9AAE-33EFA30A956B}.Release|Any CPU.Build.0 = Release|Any CPU
	EndGlobalSection
	GlobalSection(SolutionProperties) = preSolution
		HideSolutionNode = FALSE
	EndGlobalSection
	GlobalSection(ExtensibilityGlobals) = postSolution
		SolutionGuid = {2A8826A3-1F4A-4E42-9B66-AF308891CDAA}
	EndGlobalSection
EndGlobal
