
Microsoft Visual Studio Solution File, Format Version 12.00
# Visual Studio 15
Project("{FAE04EC0-301F-11D3-BF4B-00C04F79EFBC}") = "Assembly-CSharp-Editor", "Assembly-CSharp-Editor.csproj", "{4A8B00DD-8D5A-D71D-AA85-DD2ABF77DD9E}"
EndProject
Project("{FAE04EC0-301F-11D3-BF4B-00C04F79EFBC}") = "Assembly-CSharp", "Assembly-CSharp.csproj", "{33EEC36D-544D-2672-CC33-15D0EA0EB9EF}"
EndProject
Global
	GlobalSection(SolutionConfigurationPlatforms) = preSolution
		Debug|Any CPU = Debug|Any CPU
		Release|Any CPU = Release|Any CPU
	EndGlobalSection
	GlobalSection(ProjectConfigurationPlatforms) = postSolution
		{4A8B00DD-8D5A-D71D-AA85-DD2ABF77DD9E}.Debug|Any CPU.ActiveCfg = Debug|Any CPU
		{4A8B00DD-8D5A-D71D-AA85-DD2ABF77DD9E}.Debug|Any CPU.Build.0 = Debug|Any CPU
		{4A8B00DD-8D5A-D71D-AA85-DD2ABF77DD9E}.Release|Any CPU.ActiveCfg = Release|Any CPU
		{4A8B00DD-8D5A-D71D-AA85-DD2ABF77DD9E}.Release|Any CPU.Build.0 = Release|Any CPU
		{33EEC36D-544D-2672-CC33-15D0EA0EB9EF}.Debug|Any CPU.ActiveCfg = Debug|Any CPU
		{33EEC36D-544D-2672-CC33-15D0EA0EB9EF}.Debug|Any CPU.Build.0 = Debug|Any CPU
		{33EEC36D-544D-2672-CC33-15D0EA0EB9EF}.Release|Any CPU.ActiveCfg = Release|Any CPU
		{33EEC36D-544D-2672-CC33-15D0EA0EB9EF}.Release|Any CPU.Build.0 = Release|Any CPU
	EndGlobalSection
	GlobalSection(SolutionProperties) = preSolution
		HideSolutionNode = FALSE
	EndGlobalSection
EndGlobal
